
Microsoft Visual Studio Solution File, Format Version 12.00
# Visual Studio Version 17
VisualStudioVersion = 17.11.35222.181
MinimumVisualStudioVersion = 10.0.40219.1
Project("{9A19103F-16F7-4668-BE54-9A1E7A4F7556}") = "backend", "backend.csproj", "{198FE646-F2E5-459B-BC0F-2F6DA1DBA06C}"
EndProject
Global
	GlobalSection(SolutionConfigurationPlatforms) = preSolution
		Debug|Any CPU = Debug|Any CPU
		Release|Any CPU = Release|Any CPU
	EndGlobalSection
	GlobalSection(ProjectConfigurationPlatforms) = postSolution
		{198FE646-F2E5-459B-BC0F-2F6DA1DBA06C}.Debug|Any CPU.ActiveCfg = Debug|Any CPU
		{198FE646-F2E5-459B-BC0F-2F6DA1DBA06C}.Debug|Any CPU.Build.0 = Debug|Any CPU
		{198FE646-F2E5-459B-BC0F-2F6DA1DBA06C}.Release|Any CPU.ActiveCfg = Release|Any CPU
		{198FE646-F2E5-459B-BC0F-2F6DA1DBA06C}.Release|Any CPU.Build.0 = Release|Any CPU
	EndGlobalSection
	GlobalSection(SolutionProperties) = preSolution
		HideSolutionNode = FALSE
	EndGlobalSection
	GlobalSection(ExtensibilityGlobals) = postSolution
		SolutionGuid = {06807B51-B543-4DB3-B948-74B5C5806EA7}
	EndGlobalSection
EndGlobal
